
Microsoft Visual Studio Solution File, Format Version 12.00
# Visual Studio Version 16
VisualStudioVersion = 16.0.32002.261
MinimumVisualStudioVersion = 10.0.40219.1
Project("{FAE04EC0-301F-11D3-BF4B-00C04F79EFBC}") = "exercicio2", "exercicio2\exercicio2.csproj", "{705B9ABE-D573-40F4-B7D6-5FBE18084997}"
EndProject
Global
	GlobalSection(SolutionConfigurationPlatforms) = preSolution
		Debug|Any CPU = Debug|Any CPU
		Release|Any CPU = Release|Any CPU
	EndGlobalSection
	GlobalSection(ProjectConfigurationPlatforms) = postSolution
		{705B9ABE-D573-40F4-B7D6-5FBE18084997}.Debug|Any CPU.ActiveCfg = Debug|Any CPU
		{705B9ABE-D573-40F4-B7D6-5FBE18084997}.Debug|Any CPU.Build.0 = Debug|Any CPU
		{705B9ABE-D573-40F4-B7D6-5FBE18084997}.Release|Any CPU.ActiveCfg = Release|Any CPU
		{705B9ABE-D573-40F4-B7D6-5FBE18084997}.Release|Any CPU.Build.0 = Release|Any CPU
	EndGlobalSection
	GlobalSection(SolutionProperties) = preSolution
		HideSolutionNode = FALSE
	EndGlobalSection
	GlobalSection(ExtensibilityGlobals) = postSolution
		SolutionGuid = {3B3D83EE-35BE-4B42-A6B1-DA639D0523DC}
	EndGlobalSection
EndGlobal
